{
    "_readme": [
        "This file locks the dependencies of your project to a known state",
        "Read more about it at https://getcomposer.org/doc/01-basic-usage.md#installing-dependencies",
        "This file is @generated automatically"
    ],
    "content-hash": "ea372f9cc3ab5dcabb3117584372093d",
    "packages": [
        {
            "name": "hexydec/cssdoc",
            "version": "dev-Development",
            "source": {
                "type": "git",
                "url": "https://github.com/hexydec/cssdoc.git",
                "reference": "827598b960e1ec36a369328ffbca1b91c6595f6a"
            },
            "dist": {
                "type": "zip",
                "url": "https://api.github.com/repos/hexydec/cssdoc/zipball/827598b960e1ec36a369328ffbca1b91c6595f6a",
                "reference": "827598b960e1ec36a369328ffbca1b91c6595f6a",
                "shasum": ""
            },
            "default-branch": true,
            "type": "library",
            "autoload": {
                "classmap": [
                    "src/"
                ]
            },
            "notification-url": "https://packagist.org/downloads/",
            "license": [
                "MIT"
            ],
            "authors": [
                {
                    "name": "Will Earp",
                    "email": "will@hexydec.com",
                    "homepage": "https://github.com/hexydec/cssdoc"
                }
            ],
            "description": "A token based CSS Document parser and minifier written in PHP",
            "support": {
                "issues": "https://github.com/hexydec/cssdoc/issues",
                "source": "https://github.com/hexydec/cssdoc/tree/Development"
            },
            "time": "2021-04-27T22:42:09+00:00"
        },
        {
            "name": "hexydec/jslite",
            "version": "dev-master",
            "source": {
                "type": "git",
                "url": "https://github.com/hexydec/jslite.git",
                "reference": "7c8841e18c2a99dfaff9ecbcea790f2d0ae76d49"
            },
            "dist": {
                "type": "zip",
                "url": "https://api.github.com/repos/hexydec/jslite/zipball/7c8841e18c2a99dfaff9ecbcea790f2d0ae76d49",
                "reference": "7c8841e18c2a99dfaff9ecbcea790f2d0ae76d49",
                "shasum": ""
            },
            "require": {
                "hexydec/tokenise": "@dev",
                "php": ">=7.3"
            },
            "default-branch": true,
            "type": "library",
            "autoload": {
                "classmap": [
                    "src/"
                ]
            },
            "notification-url": "https://packagist.org/downloads/",
            "license": [
                "MIT"
            ],
            "authors": [
                {
                    "name": "Will Earp",
                    "email": "will@hexydec.com",
                    "homepage": "https://github.com/hexydec/jslite"
                }
            ],
            "description": "A token based Javascript parser/minifier designed for compressing inline scripts on the fly, written in PHP",
            "support": {
                "issues": "https://github.com/hexydec/jslite/issues",
                "source": "https://github.com/hexydec/jslite/tree/master"
            },
            "time": "2021-05-05T20:13:58+00:00"
        },
        {
            "name": "hexydec/tokenise",
            "version": "dev-master",
            "source": {
                "type": "git",
                "url": "https://github.com/hexydec/tokenise.git",
                "reference": "e334bab525c5878a5444090f611ae00af9c88c6c"
            },
            "dist": {
                "type": "zip",
                "url": "https://api.github.com/repos/hexydec/tokenise/zipball/e334bab525c5878a5444090f611ae00af9c88c6c",
                "reference": "e334bab525c5878a5444090f611ae00af9c88c6c",
                "shasum": ""
            },
            "require": {
                "php": ">=7.3"
            },
            "default-branch": true,
            "type": "library",
            "autoload": {
                "classmap": [
                    "src/"
                ]
            },
            "notification-url": "https://packagist.org/downloads/",
            "license": [
                "MIT"
            ],
            "authors": [
                {
                    "name": "Will Earp",
                    "email": "will@hexydec.com",
                    "homepage": "https://github.com/hexydec"
                }
            ],
            "description": "A program for performing lexical analysis, written in PHP. Designed to supply tokens to a parser in order to analyse the syntax of programming languages.",
            "support": {
                "issues": "https://github.com/hexydec/tokenise/issues",
                "source": "https://github.com/hexydec/tokenise/tree/master"
            },
            "time": "2021-05-04T23:28:26+00:00"
        }
    ],
    "packages-dev": [],
    "aliases": [],
    "minimum-stability": "stable",
    "stability-flags": {
        "hexydec/tokenise": 20,
        "hexydec/cssdoc": 20,
        "hexydec/jslite": 20
    },
    "prefer-stable": false,
    "prefer-lowest": false,
    "platform": {
        "php": ">=7.3"
    },
    "platform-dev": [],
    "plugin-api-version": "2.0.0"
}
