{
    "_readme": [
        "This file locks the dependencies of your project to a known state",
        "Read more about it at https://getcomposer.org/doc/01-basic-usage.md#installing-dependencies",
        "This file is @generated automatically"
    ],
    "content-hash": "5cb7669d2b6af0db5aab86754134a1dd",
    "packages": [
        {
            "name": "hexydec/cssdoc",
            "version": "dev-master",
            "source": {
                "type": "git",
                "url": "https://github.com/hexydec/cssdoc.git",
                "reference": "1690477ff7b805a245380480215c6b12b3f6b833"
            },
            "dist": {
                "type": "zip",
                "url": "https://api.github.com/repos/hexydec/cssdoc/zipball/1690477ff7b805a245380480215c6b12b3f6b833",
                "reference": "1690477ff7b805a245380480215c6b12b3f6b833",
                "shasum": ""
            },
            "type": "library",
            "autoload": {
                "classmap": [
                    "src/"
                ]
            },
            "notification-url": "https://packagist.org/downloads/",
            "license": [
                "MIT"
            ],
            "authors": [
                {
                    "name": "Will Earp",
                    "email": "will@hexydec.com",
                    "homepage": "https://github.com/hexydec/cssdoc"
                }
            ],
            "description": "A token based CSS Document parser and minifier written in PHP",
            "time": "2020-07-11T22:43:06+00:00"
        }
    ],
    "packages-dev": [],
    "aliases": [],
    "minimum-stability": "beta",
    "stability-flags": {
        "hexydec/cssdoc": 20
    },
    "prefer-stable": false,
    "prefer-lowest": false,
    "platform": [],
    "platform-dev": [],
    "plugin-api-version": "1.1.0"
}
